
Microsoft Visual Studio Solution File, Format Version 12.00
# Visual Studio Version 17
VisualStudioVersion = 17.7.34202.233
MinimumVisualStudioVersion = 10.0.40219.1
Project("{9A19103F-16F7-4668-BE54-9A1E7A4F7556}") = "BPTestOne", "BPTestOne\BPTestOne.csproj", "{8896800A-3374-4353-9E9F-1EA7904E8791}"
EndProject
Project("{FAE04EC0-301F-11D3-BF4B-00C04F79EFBC}") = "BPTests", "BPTests\BPTests.csproj", "{F70A63FF-98CF-4D1D-8EF6-03C5B96BEBD3}"
EndProject
Global
	GlobalSection(SolutionConfigurationPlatforms) = preSolution
		Debug|Any CPU = Debug|Any CPU
		Release|Any CPU = Release|Any CPU
	EndGlobalSection
	GlobalSection(ProjectConfigurationPlatforms) = postSolution
		{8896800A-3374-4353-9E9F-1EA7904E8791}.Debug|Any CPU.ActiveCfg = Debug|Any CPU
		{8896800A-3374-4353-9E9F-1EA7904E8791}.Debug|Any CPU.Build.0 = Debug|Any CPU
		{8896800A-3374-4353-9E9F-1EA7904E8791}.Release|Any CPU.ActiveCfg = Release|Any CPU
		{8896800A-3374-4353-9E9F-1EA7904E8791}.Release|Any CPU.Build.0 = Release|Any CPU
		{F70A63FF-98CF-4D1D-8EF6-03C5B96BEBD3}.Debug|Any CPU.ActiveCfg = Debug|Any CPU
		{F70A63FF-98CF-4D1D-8EF6-03C5B96BEBD3}.Debug|Any CPU.Build.0 = Debug|Any CPU
		{F70A63FF-98CF-4D1D-8EF6-03C5B96BEBD3}.Release|Any CPU.ActiveCfg = Release|Any CPU
		{F70A63FF-98CF-4D1D-8EF6-03C5B96BEBD3}.Release|Any CPU.Build.0 = Release|Any CPU
	EndGlobalSection
	GlobalSection(SolutionProperties) = preSolution
		HideSolutionNode = FALSE
	EndGlobalSection
	GlobalSection(ExtensibilityGlobals) = postSolution
		SolutionGuid = {54034840-3FC3-4C65-BD67-5B0B7C68B1A4}
	EndGlobalSection
EndGlobal
